
Microsoft Visual Studio Solution File, Format Version 12.00
# Visual Studio Version 16
VisualStudioVersion = 16.0.31205.134
MinimumVisualStudioVersion = 10.0.40219.1
Project("{9A19103F-16F7-4668-BE54-9A1E7A4F7556}") = "TOTP", "TOTP\TOTP.csproj", "{1A2DF5C1-D623-4F8A-BA79-5CE7641B17A7}"
EndProject
Project("{2150E333-8FDC-42A3-9474-1A3956D46DE8}") = "Solution Items", "Solution Items", "{50CE4E6A-85AB-4AAF-B4DE-1F999FD982C4}"
	ProjectSection(SolutionItems) = preProject
		.editorconfig = .editorconfig
		README.md = README.md
	EndProjectSection
EndProject
Project("{2150E333-8FDC-42A3-9474-1A3956D46DE8}") = ".github", ".github", "{DDB02864-087E-41DC-B243-C10624F32848}"
EndProject
Project("{2150E333-8FDC-42A3-9474-1A3956D46DE8}") = "workflows", "workflows", "{4718E798-BE61-41B0-AC0D-F6238A3929B3}"
	ProjectSection(SolutionItems) = preProject
		.github\workflows\deploy.yml = .github\workflows\deploy.yml
	EndProjectSection
EndProject
Global
	GlobalSection(SolutionConfigurationPlatforms) = preSolution
		Debug|Any CPU = Debug|Any CPU
		Release|Any CPU = Release|Any CPU
	EndGlobalSection
	GlobalSection(ProjectConfigurationPlatforms) = postSolution
		{1A2DF5C1-D623-4F8A-BA79-5CE7641B17A7}.Debug|Any CPU.ActiveCfg = Debug|Any CPU
		{1A2DF5C1-D623-4F8A-BA79-5CE7641B17A7}.Debug|Any CPU.Build.0 = Debug|Any CPU
		{1A2DF5C1-D623-4F8A-BA79-5CE7641B17A7}.Release|Any CPU.ActiveCfg = Release|Any CPU
		{1A2DF5C1-D623-4F8A-BA79-5CE7641B17A7}.Release|Any CPU.Build.0 = Release|Any CPU
	EndGlobalSection
	GlobalSection(SolutionProperties) = preSolution
		HideSolutionNode = FALSE
	EndGlobalSection
	GlobalSection(NestedProjects) = preSolution
		{DDB02864-087E-41DC-B243-C10624F32848} = {50CE4E6A-85AB-4AAF-B4DE-1F999FD982C4}
		{4718E798-BE61-41B0-AC0D-F6238A3929B3} = {DDB02864-087E-41DC-B243-C10624F32848}
	EndGlobalSection
	GlobalSection(ExtensibilityGlobals) = postSolution
		SolutionGuid = {6162E328-7C61-42AF-9530-2B46EAB28F4B}
	EndGlobalSection
EndGlobal
